{
  "name": "ttminidemo",
  "version": "1.0.0",
  "lockfileVersion": 2,
  "requires": true,
  "packages": {
    "": {
      "name": "ttminidemo",
      "version": "1.0.0",
      "license": "ISC",
      "devDependencies": {
        "@douyin-microapp/typings": "^1.0.2"
      }
    },
    "node_modules/@douyin-microapp/typings": {
      "version": "1.0.2",
      "resolved": "https://registry.npmjs.org/@douyin-microapp/typings/-/typings-1.0.2.tgz",
      "integrity": "sha512-8HOQewDtYl+6RduCEQeFPlY889LtoEPe2NyR7QEntAXttzISlQ732mDbSlTlwN6Ry7TBq3Nfppoo5JawWkzcCA==",
      "dev": true
    }
  },
  "dependencies": {
    "@douyin-microapp/typings": {
      "version": "1.0.2",
      "resolved": "https://registry.npmjs.org/@douyin-microapp/typings/-/typings-1.0.2.tgz",
      "integrity": "sha512-8HOQewDtYl+6RduCEQeFPlY889LtoEPe2NyR7QEntAXttzISlQ732mDbSlTlwN6Ry7TBq3Nfppoo5JawWkzcCA==",
      "dev": true
    }
  }
}
